
Microsoft Visual Studio Solution File, Format Version 12.00
# Visual Studio 15
VisualStudioVersion = 15.0.27130.2027
MinimumVisualStudioVersion = 10.0.40219.1
Project("{FAE04EC0-301F-11D3-BF4B-00C04F79EFBC}") = "ConsoleApp1", "ConsoleApp1\ConsoleApp1.csproj", "{EDACA23F-F4BF-47E4-B8B0-B2C320E2E4A6}"
EndProject
Global
	GlobalSection(SolutionConfigurationPlatforms) = preSolution
		Debug|Any CPU = Debug|Any CPU
		Release|Any CPU = Release|Any CPU
	EndGlobalSection
	GlobalSection(ProjectConfigurationPlatforms) = postSolution
		{EDACA23F-F4BF-47E4-B8B0-B2C320E2E4A6}.Debug|Any CPU.ActiveCfg = Debug|Any CPU
		{EDACA23F-F4BF-47E4-B8B0-B2C320E2E4A6}.Debug|Any CPU.Build.0 = Debug|Any CPU
		{EDACA23F-F4BF-47E4-B8B0-B2C320E2E4A6}.Release|Any CPU.ActiveCfg = Release|Any CPU
		{EDACA23F-F4BF-47E4-B8B0-B2C320E2E4A6}.Release|Any CPU.Build.0 = Release|Any CPU
	EndGlobalSection
	GlobalSection(SolutionProperties) = preSolution
		HideSolutionNode = FALSE
	EndGlobalSection
	GlobalSection(ExtensibilityGlobals) = postSolution
		SolutionGuid = {A2651BA7-4DE5-42E4-BC84-8143E50720D4}
	EndGlobalSection
EndGlobal
